// !$*UTF8*$!
{
	archiveVersion = 1;
	classes = {
	};
	objectVersion = 48;
	objects = {

/* Begin PBXBuildFile section */
		57A657A21F920EBA00CE9DCE /* AppDelegate.swift in Sources */ = {isa = PBXBuildFile; fileRef = 57A657A11F920EBA00CE9DCE /* AppDelegate.swift */; };
		57A657A41F920EBA00CE9DCE /* ViewController.swift in Sources */ = {isa = PBXBuildFile; fileRef = 57A657A31F920EBA00CE9DCE /* ViewController.swift */; };
		57A657A71F920EBA00CE9DCE /* Main.storyboard in Resources */ = {isa = PBXBuildFile; fileRef = 57A657A51F920EBA00CE9DCE /* Main.storyboard */; };
		57A657A91F920EBA00CE9DCE /* Assets.xcassets in Resources */ = {isa = PBXBuildFile; fileRef = 57A657A81F920EBA00CE9DCE /* Assets.xcassets */; };
		57A657AC1F920EBA00CE9DCE /* LaunchScreen.storyboard in Resources */ = {isa = PBXBuildFile; fileRef = 57A657AA1F920EBA00CE9DCE /* LaunchScreen.storyboard */; };
		57A657B71F920EBA00CE9DCE /* MoneyTransferTests.swift in Sources */ = {isa = PBXBuildFile; fileRef = 57A657B61F920EBA00CE9DCE /* MoneyTransferTests.swift */; };
		57A657C21F920EBA00CE9DCE /* MoneyTransferUITests.swift in Sources */ = {isa = PBXBuildFile; fileRef = 57A657C11F920EBA00CE9DCE /* MoneyTransferUITests.swift */; };
/* End PBXBuildFile section */

/* Begin PBXContainerItemProxy section */
		57A657B31F920EBA00CE9DCE /* PBXContainerItemProxy */ = {
			isa = PBXContainerItemProxy;
			containerPortal = 57A657961F920EBA00CE9DCE /* Project object */;
			proxyType = 1;
			remoteGlobalIDString = 57A6579D1F920EBA00CE9DCE;
			remoteInfo = MoneyTransfer;
		};
		57A657BE1F920EBA00CE9DCE /* PBXContainerItemProxy */ = {
			isa = PBXContainerItemProxy;
			containerPortal = 57A657961F920EBA00CE9DCE /* Project object */;
			proxyType = 1;
			remoteGlobalIDString = 57A6579D1F920EBA00CE9DCE;
			remoteInfo = MoneyTransfer;
		};
/* End PBXContainerItemProxy section */

/* Begin PBXFileReference section */
		57A6579E1F920EBA00CE9DCE /* MoneyTransfer.app */ = {isa = PBXFileReference; explicitFileType = wrapper.application; includeInIndex = 0; path = MoneyTransfer.app; sourceTree = BUILT_PRODUCTS_DIR; };
		57A657A11F920EBA00CE9DCE /* AppDelegate.swift */ = {isa = PBXFileReference; lastKnownFileType = sourcecode.swift; path = AppDelegate.swift; sourceTree = "<group>"; };
		57A657A31F920EBA00CE9DCE /* ViewController.swift */ = {isa = PBXFileReference; lastKnownFileType = sourcecode.swift; path = ViewController.swift; sourceTree = "<group>"; };
		57A657A61F920EBA00CE9DCE /* Base */ = {isa = PBXFileReference; lastKnownFileType = file.storyboard; name = Base; path = Base.lproj/Main.storyboard; sourceTree = "<group>"; };
		57A657A81F920EBA00CE9DCE /* Assets.xcassets */ = {isa = PBXFileReference; lastKnownFileType = folder.assetcatalog; path = Assets.xcassets; sourceTree = "<group>"; };
		57A657AB1F920EBA00CE9DCE /* Base */ = {isa = PBXFileReference; lastKnownFileType = file.storyboard; name = Base; path = Base.lproj/LaunchScreen.storyboard; sourceTree = "<group>"; };
		57A657AD1F920EBA00CE9DCE /* Info.plist */ = {isa = PBXFileReference; lastKnownFileType = text.plist.xml; path = Info.plist; sourceTree = "<group>"; };
		57A657B21F920EBA00CE9DCE /* MoneyTransferTests.xctest */ = {isa = PBXFileReference; explicitFileType = wrapper.cfbundle; includeInIndex = 0; path = MoneyTransferTests.xctest; sourceTree = BUILT_PRODUCTS_DIR; };
		57A657B61F920EBA00CE9DCE /* MoneyTransferTests.swift */ = {isa = PBXFileReference; lastKnownFileType = sourcecode.swift; path = MoneyTransferTests.swift; sourceTree = "<group>"; };
		57A657B81F920EBA00CE9DCE /* Info.plist */ = {isa = PBXFileReference; lastKnownFileType = text.plist.xml; path = Info.plist; sourceTree = "<group>"; };
		57A657BD1F920EBA00CE9DCE /* MoneyTransferUITests.xctest */ = {isa = PBXFileReference; explicitFileType = wrapper.cfbundle; includeInIndex = 0; path = MoneyTransferUITests.xctest; sourceTree = BUILT_PRODUCTS_DIR; };
		57A657C11F920EBA00CE9DCE /* MoneyTransferUITests.swift */ = {isa = PBXFileReference; lastKnownFileType = sourcecode.swift; path = MoneyTransferUITests.swift; sourceTree = "<group>"; };
		57A657C31F920EBA00CE9DCE /* Info.plist */ = {isa = PBXFileReference; lastKnownFileType = text.plist.xml; path = Info.plist; sourceTree = "<group>"; };
/* End PBXFileReference section */

/* Begin PBXFrameworksBuildPhase section */
		57A6579B1F920EBA00CE9DCE /* Frameworks */ = {
			isa = PBXFrameworksBuildPhase;
			buildActionMask = 2147483647;
			files = (
			);
			runOnlyForDeploymentPostprocessing = 0;
		};
		57A657AF1F920EBA00CE9DCE /* Frameworks */ = {
			isa = PBXFrameworksBuildPhase;
			buildActionMask = 2147483647;
			files = (
			);
			runOnlyForDeploymentPostprocessing = 0;
		};
		57A657BA1F920EBA00CE9DCE /* Frameworks */ = {
			isa = PBXFrameworksBuildPhase;
			buildActionMask = 2147483647;
			files = (
			);
			runOnlyForDeploymentPostprocessing = 0;
		};
/* End PBXFrameworksBuildPhase section */

/* Begin PBXGroup section */
		57A657951F920EBA00CE9DCE = {
			isa = PBXGroup;
			children = (
				57A657A01F920EBA00CE9DCE /* MoneyTransfer */,
				57A657B51F920EBA00CE9DCE /* MoneyTransferTests */,
				57A657C01F920EBA00CE9DCE /* MoneyTransferUITests */,
				57A6579F1F920EBA00CE9DCE /* Products */,
			);
			sourceTree = "<group>";
		};
		57A6579F1F920EBA00CE9DCE /* Products */ = {
			isa = PBXGroup;
			children = (
				57A6579E1F920EBA00CE9DCE /* MoneyTransfer.app */,
				57A657B21F920EBA00CE9DCE /* MoneyTransferTests.xctest */,
				57A657BD1F920EBA00CE9DCE /* MoneyTransferUITests.xctest */,
			);
			name = Products;
			sourceTree = "<group>";
		};
		57A657A01F920EBA00CE9DCE /* MoneyTransfer */ = {
			isa = PBXGroup;
			children = (
				57A657A11F920EBA00CE9DCE /* AppDelegate.swift */,
				57A657A31F920EBA00CE9DCE /* ViewController.swift */,
				57A657A51F920EBA00CE9DCE /* Main.storyboard */,
				57A657A81F920EBA00CE9DCE /* Assets.xcassets */,
				57A657AA1F920EBA00CE9DCE /* LaunchScreen.storyboard */,
				57A657AD1F920EBA00CE9DCE /* Info.plist */,
			);
			path = MoneyTransfer;
			sourceTree = "<group>";
		};
		57A657B51F920EBA00CE9DCE /* MoneyTransferTests */ = {
			isa = PBXGroup;
			children = (
				57A657B61F920EBA00CE9DCE /* MoneyTransferTests.swift */,
				57A657B81F920EBA00CE9DCE /* Info.plist */,
			);
			path = MoneyTransferTests;
			sourceTree = "<group>";
		};
		57A657C01F920EBA00CE9DCE /* MoneyTransferUITests */ = {
			isa = PBXGroup;
			children = (
				57A657C11F920EBA00CE9DCE /* MoneyTransferUITests.swift */,
				57A657C31F920EBA00CE9DCE /* Info.plist */,
			);
			path = MoneyTransferUITests;
			sourceTree = "<group>";
		};
/* End PBXGroup section */

/* Begin PBXNativeTarget section */
		57A6579D1F920EBA00CE9DCE /* MoneyTransfer */ = {
			isa = PBXNativeTarget;
			buildConfigurationList = 57A657C61F920EBA00CE9DCE /* Build configuration list for PBXNativeTarget "MoneyTransfer" */;
			buildPhases = (
				57A6579A1F920EBA00CE9DCE /* Sources */,
				57A6579B1F920EBA00CE9DCE /* Frameworks */,
				57A6579C1F920EBA00CE9DCE /* Resources */,
			);
			buildRules = (
			);
			dependencies = (
			);
			name = MoneyTransfer;
			productName = MoneyTransfer;
			productReference = 57A6579E1F920EBA00CE9DCE /* MoneyTransfer.app */;
			productType = "com.apple.product-type.application";
		};
		57A657B11F920EBA00CE9DCE /* MoneyTransferTests */ = {
			isa = PBXNativeTarget;
			buildConfigurationList = 57A657C91F920EBA00CE9DCE /* Build configuration list for PBXNativeTarget "MoneyTransferTests" */;
			buildPhases = (
				57A657AE1F920EBA00CE9DCE /* Sources */,
				57A657AF1F920EBA00CE9DCE /* Frameworks */,
				57A657B01F920EBA00CE9DCE /* Resources */,
			);
			buildRules = (
			);
			dependencies = (
				57A657B41F920EBA00CE9DCE /* PBXTargetDependency */,
			);
			name = MoneyTransferTests;
			productName = MoneyTransferTests;
			productReference = 57A657B21F920EBA00CE9DCE /* MoneyTransferTests.xctest */;
			productType = "com.apple.product-type.bundle.unit-test";
		};
		57A657BC1F920EBA00CE9DCE /* MoneyTransferUITests */ = {
			isa = PBXNativeTarget;
			buildConfigurationList = 57A657CC1F920EBA00CE9DCE /* Build configuration list for PBXNativeTarget "MoneyTransferUITests" */;
			buildPhases = (
				57A657B91F920EBA00CE9DCE /* Sources */,
				57A657BA1F920EBA00CE9DCE /* Frameworks */,
				57A657BB1F920EBA00CE9DCE /* Resources */,
			);
			buildRules = (
			);
			dependencies = (
				57A657BF1F920EBA00CE9DCE /* PBXTargetDependency */,
			);
			name = MoneyTransferUITests;
			productName = MoneyTransferUITests;
			productReference = 57A657BD1F920EBA00CE9DCE /* MoneyTransferUITests.xctest */;
			productType = "com.apple.product-type.bundle.ui-testing";
		};
/* End PBXNativeTarget section */

/* Begin PBXProject section */
		57A657961F920EBA00CE9DCE /* Project object */ = {
			isa = PBXProject;
			attributes = {
				LastSwiftUpdateCheck = 0900;
				LastUpgradeCheck = 0900;
				ORGANIZATIONNAME = "Csongor Barabasi";
				TargetAttributes = {
					57A6579D1F920EBA00CE9DCE = {
						CreatedOnToolsVersion = 9.0;
						ProvisioningStyle = Automatic;
					};
					57A657B11F920EBA00CE9DCE = {
						CreatedOnToolsVersion = 9.0;
						ProvisioningStyle = Automatic;
						TestTargetID = 57A6579D1F920EBA00CE9DCE;
					};
					57A657BC1F920EBA00CE9DCE = {
						CreatedOnToolsVersion = 9.0;
						ProvisioningStyle = Automatic;
						TestTargetID = 57A6579D1F920EBA00CE9DCE;
					};
				};
			};
			buildConfigurationList = 57A657991F920EBA00CE9DCE /* Build configuration list for PBXProject "MoneyTransfer" */;
			compatibilityVersion = "Xcode 8.0";
			developmentRegion = en;
			hasScannedForEncodings = 0;
			knownRegions = (
				en,
				Base,
			);
			mainGroup = 57A657951F920EBA00CE9DCE;
			productRefGroup = 57A6579F1F920EBA00CE9DCE /* Products */;
			projectDirPath = "";
			projectRoot = "";
			targets = (
				57A6579D1F920EBA00CE9DCE /* MoneyTransfer */,
				57A657B11F920EBA00CE9DCE /* MoneyTransferTests */,
				57A657BC1F920EBA00CE9DCE /* MoneyTransferUITests */,
			);
		};
/* End PBXProject section */

/* Begin PBXResourcesBuildPhase section */
		57A6579C1F920EBA00CE9DCE /* Resources */ = {
			isa = PBXResourcesBuildPhase;
			buildActionMask = 2147483647;
			files = (
				57A657AC1F920EBA00CE9DCE /* LaunchScreen.storyboard in Resources */,
				57A657A91F920EBA00CE9DCE /* Assets.xcassets in Resources */,
				57A657A71F920EBA00CE9DCE /* Main.storyboard in Resources */,
			);
			runOnlyForDeploymentPostprocessing = 0;
		};
		57A657B01F920EBA00CE9DCE /* Resources */ = {
			isa = PBXResourcesBuildPhase;
			buildActionMask = 2147483647;
			files = (
			);
			runOnlyForDeploymentPostprocessing = 0;
		};
		57A657BB1F920EBA00CE9DCE /* Resources */ = {
			isa = PBXResourcesBuildPhase;
			buildActionMask = 2147483647;
			files = (
			);
			runOnlyForDeploymentPostprocessing = 0;
		};
/* End PBXResourcesBuildPhase section */

/* Begin PBXSourcesBuildPhase section */
		57A6579A1F920EBA00CE9DCE /* Sources */ = {
			isa = PBXSourcesBuildPhase;
			buildActionMask = 2147483647;
			files = (
				57A657A41F920EBA00CE9DCE /* ViewController.swift in Sources */,
				57A657A21F920EBA00CE9DCE /* AppDelegate.swift in Sources */,
			);
			runOnlyForDeploymentPostprocessing = 0;
		};
		57A657AE1F920EBA00CE9DCE /* Sources */ = {
			isa = PBXSourcesBuildPhase;
			buildActionMask = 2147483647;
			files = (
				57A657B71F920EBA00CE9DCE /* MoneyTransferTests.swift in Sources */,
			);
			runOnlyForDeploymentPostprocessing = 0;
		};
		57A657B91F920EBA00CE9DCE /* Sources */ = {
			isa = PBXSourcesBuildPhase;
			buildActionMask = 2147483647;
			files = (
				57A657C21F920EBA00CE9DCE /* MoneyTransferUITests.swift in Sources */,
			);
			runOnlyForDeploymentPostprocessing = 0;
		};
/* End PBXSourcesBuildPhase section */

/* Begin PBXTargetDependency section */
		57A657B41F920EBA00CE9DCE /* PBXTargetDependency */ = {
			isa = PBXTargetDependency;
			target = 57A6579D1F920EBA00CE9DCE /* MoneyTransfer */;
			targetProxy = 57A657B31F920EBA00CE9DCE /* PBXContainerItemProxy */;
		};
		57A657BF1F920EBA00CE9DCE /* PBXTargetDependency */ = {
			isa = PBXTargetDependency;
			target = 57A6579D1F920EBA00CE9DCE /* MoneyTransfer */;
			targetProxy = 57A657BE1F920EBA00CE9DCE /* PBXContainerItemProxy */;
		};
/* End PBXTargetDependency section */

/* Begin PBXVariantGroup section */
		57A657A51F920EBA00CE9DCE /* Main.storyboard */ = {
			isa = PBXVariantGroup;
			children = (
				57A657A61F920EBA00CE9DCE /* Base */,
			);
			name = Main.storyboard;
			sourceTree = "<group>";
		};
		57A657AA1F920EBA00CE9DCE /* LaunchScreen.storyboard */ = {
			isa = PBXVariantGroup;
			children = (
				57A657AB1F920EBA00CE9DCE /* Base */,
			);
			name = LaunchScreen.storyboard;
			sourceTree = "<group>";
		};
/* End PBXVariantGroup section */

/* Begin XCBuildConfiguration section */
		57A657C41F920EBA00CE9DCE /* Debug */ = {
			isa = XCBuildConfiguration;
			buildSettings = {
				ALWAYS_SEARCH_USER_PATHS = NO;
				CLANG_ANALYZER_NONNULL = YES;
				CLANG_ANALYZER_NUMBER_OBJECT_CONVERSION = YES_AGGRESSIVE;
				CLANG_CXX_LANGUAGE_STANDARD = "gnu++14";
				CLANG_CXX_LIBRARY = "libc++";
				CLANG_ENABLE_MODULES = YES;
				CLANG_ENABLE_OBJC_ARC = YES;
				CLANG_WARN_BLOCK_CAPTURE_AUTORELEASING = YES;
				CLANG_WARN_BOOL_CONVERSION = YES;
				CLANG_WARN_COMMA = YES;
				CLANG_WARN_CONSTANT_CONVERSION = YES;
				CLANG_WARN_DIRECT_OBJC_ISA_USAGE = YES_ERROR;
				CLANG_WARN_DOCUMENTATION_COMMENTS = YES;
				CLANG_WARN_EMPTY_BODY = YES;
				CLANG_WARN_ENUM_CONVERSION = YES;
				CLANG_WARN_INFINITE_RECURSION = YES;
				CLANG_WARN_INT_CONVERSION = YES;
				CLANG_WARN_NON_LITERAL_NULL_CONVERSION = YES;
				CLANG_WARN_OBJC_LITERAL_CONVERSION = YES;
				CLANG_WARN_OBJC_ROOT_CLASS = YES_ERROR;
				CLANG_WARN_RANGE_LOOP_ANALYSIS = YES;
				CLANG_WARN_STRICT_PROTOTYPES = YES;
				CLANG_WARN_SUSPICIOUS_MOVE = YES;
				CLANG_WARN_UNGUARDED_AVAILABILITY = YES_AGGRESSIVE;
				CLANG_WARN_UNREACHABLE_CODE = YES;
				CLANG_WARN__DUPLICATE_METHOD_MATCH = YES;
				CODE_SIGN_IDENTITY = "iPhone Developer";
				COPY_PHASE_STRIP = NO;
				DEBUG_INFORMATION_FORMAT = dwarf;
				ENABLE_STRICT_OBJC_MSGSEND = YES;
				ENABLE_TESTABILITY = YES;
				GCC_C_LANGUAGE_STANDARD = gnu11;
				GCC_DYNAMIC_NO_PIC = NO;
				GCC_NO_COMMON_BLOCKS = YES;
				GCC_OPTIMIZATION_LEVEL = 0;
				GCC_PREPROCESSOR_DEFINITIONS = (
					"DEBUG=1",
					"$(inherited)",
				);
				GCC_WARN_64_TO_32_BIT_CONVERSION = YES;
				GCC_WARN_ABOUT_RETURN_TYPE = YES_ERROR;
				GCC_WARN_UNDECLARED_SELECTOR = YES;
				GCC_WARN_UNINITIALIZED_AUTOS = YES_AGGRESSIVE;
				GCC_WARN_UNUSED_FUNCTION = YES;
				GCC_WARN_UNUSED_VARIABLE = YES;
				IPHONEOS_DEPLOYMENT_TARGET = 11.0;
				MTL_ENABLE_DEBUG_INFO = YES;
				ONLY_ACTIVE_ARCH = YES;
				SDKROOT = iphoneos;
				SWIFT_ACTIVE_COMPILATION_CONDITIONS = DEBUG;
				SWIFT_OPTIMIZATION_LEVEL = "-Onone";
			};
			name = Debug;
		};
		57A657C51F920EBA00CE9DCE /* Release */ = {
			isa = XCBuildConfiguration;
			buildSettings = {
				ALWAYS_SEARCH_USER_PATHS = NO;
				CLANG_ANALYZER_NONNULL = YES;
				CLANG_ANALYZER_NUMBER_OBJECT_CONVERSION = YES_AGGRESSIVE;
				CLANG_CXX_LANGUAGE_STANDARD = "gnu++14";
				CLANG_CXX_LIBRARY = "libc++";
				CLANG_ENABLE_MODULES = YES;
				CLANG_ENABLE_OBJC_ARC = YES;
				CLANG_WARN_BLOCK_CAPTURE_AUTORELEASING = YES;
				CLANG_WARN_BOOL_CONVERSION = YES;
				CLANG_WARN_COMMA = YES;
				CLANG_WARN_CONSTANT_CONVERSION = YES;
				CLANG_WARN_DIRECT_OBJC_ISA_USAGE = YES_ERROR;
				CLANG_WARN_DOCUMENTATION_COMMENTS = YES;
				CLANG_WARN_EMPTY_BODY = YES;
				CLANG_WARN_ENUM_CONVERSION = YES;
				CLANG_WARN_INFINITE_RECURSION = YES;
				CLANG_WARN_INT_CONVERSION = YES;
				CLANG_WARN_NON_LITERAL_NULL_CONVERSION = YES;
				CLANG_WARN_OBJC_LITERAL_CONVERSION = YES;
				CLANG_WARN_OBJC_ROOT_CLASS = YES_ERROR;
				CLANG_WARN_RANGE_LOOP_ANALYSIS = YES;
				CLANG_WARN_STRICT_PROTOTYPES = YES;
				CLANG_WARN_SUSPICIOUS_MOVE = YES;
				CLANG_WARN_UNGUARDED_AVAILABILITY = YES_AGGRESSIVE;
				CLANG_WARN_UNREACHABLE_CODE = YES;
				CLANG_WARN__DUPLICATE_METHOD_MATCH = YES;
				CODE_SIGN_IDENTITY = "iPhone Developer";
				COPY_PHASE_STRIP = NO;
				DEBUG_INFORMATION_FORMAT = "dwarf-with-dsym";
				ENABLE_NS_ASSERTIONS = NO;
				ENABLE_STRICT_OBJC_MSGSEND = YES;
				GCC_C_LANGUAGE_STANDARD = gnu11;
				GCC_NO_COMMON_BLOCKS = YES;
				GCC_WARN_64_TO_32_BIT_CONVERSION = YES;
				GCC_WARN_ABOUT_RETURN_TYPE = YES_ERROR;
				GCC_WARN_UNDECLARED_SELECTOR = YES;
				GCC_WARN_UNINITIALIZED_AUTOS = YES_AGGRESSIVE;
				GCC_WARN_UNUSED_FUNCTION = YES;
				GCC_WARN_UNUSED_VARIABLE = YES;
				IPHONEOS_DEPLOYMENT_TARGET = 11.0;
				MTL_ENABLE_DEBUG_INFO = NO;
				SDKROOT = iphoneos;
				SWIFT_OPTIMIZATION_LEVEL = "-Owholemodule";
				VALIDATE_PRODUCT = YES;
			};
			name = Release;
		};
		57A657C71F920EBA00CE9DCE /* Debug */ = {
			isa = XCBuildConfiguration;
			buildSettings = {
				ASSETCATALOG_COMPILER_APPICON_NAME = AppIcon;
				CODE_SIGN_STYLE = Automatic;
				DEVELOPMENT_TEAM = ZUWW9J8PQJ;
				INFOPLIST_FILE = MoneyTransfer/Info.plist;
				LD_RUNPATH_SEARCH_PATHS = "$(inherited) @executable_path/Frameworks";
				PRODUCT_BUNDLE_IDENTIFIER = "Csongor-Barabasi.MoneyTransfer";
				PRODUCT_NAME = "$(TARGET_NAME)";
				SWIFT_VERSION = 4.0;
				TARGETED_DEVICE_FAMILY = "1,2";
			};
			name = Debug;
		};
		57A657C81F920EBA00CE9DCE /* Release */ = {
			isa = XCBuildConfiguration;
			buildSettings = {
				ASSETCATALOG_COMPILER_APPICON_NAME = AppIcon;
				CODE_SIGN_STYLE = Automatic;
				DEVELOPMENT_TEAM = ZUWW9J8PQJ;
				INFOPLIST_FILE = MoneyTransfer/Info.plist;
				LD_RUNPATH_SEARCH_PATHS = "$(inherited) @executable_path/Frameworks";
				PRODUCT_BUNDLE_IDENTIFIER = "Csongor-Barabasi.MoneyTransfer";
				PRODUCT_NAME = "$(TARGET_NAME)";
				SWIFT_VERSION = 4.0;
				TARGETED_DEVICE_FAMILY = "1,2";
			};
			name = Release;
		};
		57A657CA1F920EBA00CE9DCE /* Debug */ = {
			isa = XCBuildConfiguration;
			buildSettings = {
				ALWAYS_EMBED_SWIFT_STANDARD_LIBRARIES = YES;
				BUNDLE_LOADER = "$(TEST_HOST)";
				CODE_SIGN_STYLE = Automatic;
				DEVELOPMENT_TEAM = ZUWW9J8PQJ;
				INFOPLIST_FILE = MoneyTransferTests/Info.plist;
				LD_RUNPATH_SEARCH_PATHS = "$(inherited) @executable_path/Frameworks @loader_path/Frameworks";
				PRODUCT_BUNDLE_IDENTIFIER = "Csongor-Barabasi.MoneyTransferTests";
				PRODUCT_NAME = "$(TARGET_NAME)";
				SWIFT_VERSION = 4.0;
				TARGETED_DEVICE_FAMILY = "1,2";
				TEST_HOST = "$(BUILT_PRODUCTS_DIR)/MoneyTransfer.app/MoneyTransfer";
			};
			name = Debug;
		};
		57A657CB1F920EBA00CE9DCE /* Release */ = {
			isa = XCBuildConfiguration;
			buildSettings = {
				ALWAYS_EMBED_SWIFT_STANDARD_LIBRARIES = YES;
				BUNDLE_LOADER = "$(TEST_HOST)";
				CODE_SIGN_STYLE = Automatic;
				DEVELOPMENT_TEAM = ZUWW9J8PQJ;
				INFOPLIST_FILE = MoneyTransferTests/Info.plist;
				LD_RUNPATH_SEARCH_PATHS = "$(inherited) @executable_path/Frameworks @loader_path/Frameworks";
				PRODUCT_BUNDLE_IDENTIFIER = "Csongor-Barabasi.MoneyTransferTests";
				PRODUCT_NAME = "$(TARGET_NAME)";
				SWIFT_VERSION = 4.0;
				TARGETED_DEVICE_FAMILY = "1,2";
				TEST_HOST = "$(BUILT_PRODUCTS_DIR)/MoneyTransfer.app/MoneyTransfer";
			};
			name = Release;
		};
		57A657CD1F920EBA00CE9DCE /* Debug */ = {
			isa = XCBuildConfiguration;
			buildSettings = {
				ALWAYS_EMBED_SWIFT_STANDARD_LIBRARIES = YES;
				CODE_SIGN_STYLE = Automatic;
				DEVELOPMENT_TEAM = ZUWW9J8PQJ;
				INFOPLIST_FILE = MoneyTransferUITests/Info.plist;
				LD_RUNPATH_SEARCH_PATHS = "$(inherited) @executable_path/Frameworks @loader_path/Frameworks";
				PRODUCT_BUNDLE_IDENTIFIER = "Csongor-Barabasi.MoneyTransferUITests";
				PRODUCT_NAME = "$(TARGET_NAME)";
				SWIFT_VERSION = 4.0;
				TARGETED_DEVICE_FAMILY = "1,2";
				TEST_TARGET_NAME = MoneyTransfer;
			};
			name = Debug;
		};
		57A657CE1F920EBA00CE9DCE /* Release */ = {
			isa = XCBuildConfiguration;
			buildSettings = {
				ALWAYS_EMBED_SWIFT_STANDARD_LIBRARIES = YES;
				CODE_SIGN_STYLE = Automatic;
				DEVELOPMENT_TEAM = ZUWW9J8PQJ;
				INFOPLIST_FILE = MoneyTransferUITests/Info.plist;
				LD_RUNPATH_SEARCH_PATHS = "$(inherited) @executable_path/Frameworks @loader_path/Frameworks";
				PRODUCT_BUNDLE_IDENTIFIER = "Csongor-Barabasi.MoneyTransferUITests";
				PRODUCT_NAME = "$(TARGET_NAME)";
				SWIFT_VERSION = 4.0;
				TARGETED_DEVICE_FAMILY = "1,2";
				TEST_TARGET_NAME = MoneyTransfer;
			};
			name = Release;
		};
/* End XCBuildConfiguration section */

/* Begin XCConfigurationList section */
		57A657991F920EBA00CE9DCE /* Build configuration list for PBXProject "MoneyTransfer" */ = {
			isa = XCConfigurationList;
			buildConfigurations = (
				57A657C41F920EBA00CE9DCE /* Debug */,
				57A657C51F920EBA00CE9DCE /* Release */,
			);
			defaultConfigurationIsVisible = 0;
			defaultConfigurationName = Release;
		};
		57A657C61F920EBA00CE9DCE /* Build configuration list for PBXNativeTarget "MoneyTransfer" */ = {
			isa = XCConfigurationList;
			buildConfigurations = (
				57A657C71F920EBA00CE9DCE /* Debug */,
				57A657C81F920EBA00CE9DCE /* Release */,
			);
			defaultConfigurationIsVisible = 0;
			defaultConfigurationName = Release;
		};
		57A657C91F920EBA00CE9DCE /* Build configuration list for PBXNativeTarget "MoneyTransferTests" */ = {
			isa = XCConfigurationList;
			buildConfigurations = (
				57A657CA1F920EBA00CE9DCE /* Debug */,
				57A657CB1F920EBA00CE9DCE /* Release */,
			);
			defaultConfigurationIsVisible = 0;
			defaultConfigurationName = Release;
		};
		57A657CC1F920EBA00CE9DCE /* Build configuration list for PBXNativeTarget "MoneyTransferUITests" */ = {
			isa = XCConfigurationList;
			buildConfigurations = (
				57A657CD1F920EBA00CE9DCE /* Debug */,
				57A657CE1F920EBA00CE9DCE /* Release */,
			);
			defaultConfigurationIsVisible = 0;
			defaultConfigurationName = Release;
		};
/* End XCConfigurationList section */
	};
	rootObject = 57A657961F920EBA00CE9DCE /* Project object */;
}
